github.com/google/uuid v1.3.0 h1:t6JiXgmwXMjEs8VusXIJk2BXHsn+wx8BZdTaoZ5fu7I=
github.com/google/uuid v1.3.0/go.mod h1:TIyPZe4MgqvfeYDBFedMoGGpEw/LqOeaOT+nhxU+yHo=
gopkg.in/gographics/imagick.v3 v3.5.2 h1:JipawUSyuPRkdOdIwUvsHpIO9h0V7SpmPDXCRWx1c1o=
gopkg.in/gographics/imagick.v3 v3.5.2/go.mod h1:+Q9nyA2xRZXrDyTtJ/eko+8V/5E7bWYs08ndkZp8UmA=
